// !$*UTF8*$!
{
	archiveVersion = 1;
	classes = {
	};
	objectVersion = 46;
	objects = {

/* Begin PBXBuildFile section */
		559411B01C61267E008B4963 /* AppDelegate.swift in Sources */ = {isa = PBXBuildFile; fileRef = 559411AF1C61267E008B4963 /* AppDelegate.swift */; };
		559411B21C61267E008B4963 /* ViewController.swift in Sources */ = {isa = PBXBuildFile; fileRef = 559411B11C61267E008B4963 /* ViewController.swift */; };
		559411B51C61267E008B4963 /* Main.storyboard in Resources */ = {isa = PBXBuildFile; fileRef = 559411B31C61267E008B4963 /* Main.storyboard */; };
		559411B71C61267E008B4963 /* Assets.xcassets in Resources */ = {isa = PBXBuildFile; fileRef = 559411B61C61267E008B4963 /* Assets.xcassets */; };
		559411BA1C61267E008B4963 /* LaunchScreen.storyboard in Resources */ = {isa = PBXBuildFile; fileRef = 559411B81C61267E008B4963 /* LaunchScreen.storyboard */; };
		559411C51C61267E008B4963 /* KidTrackerTests.swift in Sources */ = {isa = PBXBuildFile; fileRef = 559411C41C61267E008B4963 /* KidTrackerTests.swift */; };
		55C624A71C696CCB003F6378 /* RatingControl.swift in Sources */ = {isa = PBXBuildFile; fileRef = 55C624A61C696CCB003F6378 /* RatingControl.swift */; };
		55C624A91C698D62003F6378 /* Meal.swift in Sources */ = {isa = PBXBuildFile; fileRef = 55C624A81C698D62003F6378 /* Meal.swift */; };
		55C624AA1C698D62003F6378 /* Meal.swift in Sources */ = {isa = PBXBuildFile; fileRef = 55C624A81C698D62003F6378 /* Meal.swift */; };
		55C624AC1C69A79E003F6378 /* MealTableViewCell.swift in Sources */ = {isa = PBXBuildFile; fileRef = 55C624AB1C69A79E003F6378 /* MealTableViewCell.swift */; };
		55C624AE1C6A5C07003F6378 /* MealTableViewController.swift in Sources */ = {isa = PBXBuildFile; fileRef = 55C624AD1C6A5C07003F6378 /* MealTableViewController.swift */; };
/* End PBXBuildFile section */

/* Begin PBXContainerItemProxy section */
		559411C11C61267E008B4963 /* PBXContainerItemProxy */ = {
			isa = PBXContainerItemProxy;
			containerPortal = 559411A41C61267E008B4963 /* Project object */;
			proxyType = 1;
			remoteGlobalIDString = 559411AB1C61267E008B4963;
			remoteInfo = KidTracker;
		};
/* End PBXContainerItemProxy section */

/* Begin PBXFileReference section */
		559411AC1C61267E008B4963 /* KidTracker.app */ = {isa = PBXFileReference; explicitFileType = wrapper.application; includeInIndex = 0; path = KidTracker.app; sourceTree = BUILT_PRODUCTS_DIR; };
		559411AF1C61267E008B4963 /* AppDelegate.swift */ = {isa = PBXFileReference; lastKnownFileType = sourcecode.swift; path = AppDelegate.swift; sourceTree = "<group>"; };
		559411B11C61267E008B4963 /* ViewController.swift */ = {isa = PBXFileReference; lastKnownFileType = sourcecode.swift; path = ViewController.swift; sourceTree = "<group>"; };
		559411B41C61267E008B4963 /* Base */ = {isa = PBXFileReference; lastKnownFileType = file.storyboard; name = Base; path = Base.lproj/Main.storyboard; sourceTree = "<group>"; };
		559411B61C61267E008B4963 /* Assets.xcassets */ = {isa = PBXFileReference; lastKnownFileType = folder.assetcatalog; path = Assets.xcassets; sourceTree = "<group>"; };
		559411B91C61267E008B4963 /* Base */ = {isa = PBXFileReference; lastKnownFileType = file.storyboard; name = Base; path = Base.lproj/LaunchScreen.storyboard; sourceTree = "<group>"; };
		559411BB1C61267E008B4963 /* Info.plist */ = {isa = PBXFileReference; lastKnownFileType = text.plist.xml; path = Info.plist; sourceTree = "<group>"; };
		559411C01C61267E008B4963 /* KidTrackerTests.xctest */ = {isa = PBXFileReference; explicitFileType = wrapper.cfbundle; includeInIndex = 0; path = KidTrackerTests.xctest; sourceTree = BUILT_PRODUCTS_DIR; };
		559411C41C61267E008B4963 /* KidTrackerTests.swift */ = {isa = PBXFileReference; lastKnownFileType = sourcecode.swift; path = KidTrackerTests.swift; sourceTree = "<group>"; };
		559411C61C61267E008B4963 /* Info.plist */ = {isa = PBXFileReference; lastKnownFileType = text.plist.xml; path = Info.plist; sourceTree = "<group>"; };
		55C624A61C696CCB003F6378 /* RatingControl.swift */ = {isa = PBXFileReference; fileEncoding = 4; lastKnownFileType = sourcecode.swift; path = RatingControl.swift; sourceTree = "<group>"; };
		55C624A81C698D62003F6378 /* Meal.swift */ = {isa = PBXFileReference; fileEncoding = 4; lastKnownFileType = sourcecode.swift; path = Meal.swift; sourceTree = "<group>"; };
		55C624AB1C69A79E003F6378 /* MealTableViewCell.swift */ = {isa = PBXFileReference; fileEncoding = 4; lastKnownFileType = sourcecode.swift; path = MealTableViewCell.swift; sourceTree = "<group>"; };
		55C624AD1C6A5C07003F6378 /* MealTableViewController.swift */ = {isa = PBXFileReference; fileEncoding = 4; lastKnownFileType = sourcecode.swift; path = MealTableViewController.swift; sourceTree = "<group>"; };
/* End PBXFileReference section */

/* Begin PBXFrameworksBuildPhase section */
		559411A91C61267E008B4963 /* Frameworks */ = {
			isa = PBXFrameworksBuildPhase;
			buildActionMask = 2147483647;
			files = (
			);
			runOnlyForDeploymentPostprocessing = 0;
		};
		559411BD1C61267E008B4963 /* Frameworks */ = {
			isa = PBXFrameworksBuildPhase;
			buildActionMask = 2147483647;
			files = (
			);
			runOnlyForDeploymentPostprocessing = 0;
		};
/* End PBXFrameworksBuildPhase section */

/* Begin PBXGroup section */
		559411A31C61267E008B4963 = {
			isa = PBXGroup;
			children = (
				559411AE1C61267E008B4963 /* KidTracker */,
				559411C31C61267E008B4963 /* KidTrackerTests */,
				559411AD1C61267E008B4963 /* Products */,
			);
			sourceTree = "<group>";
		};
		559411AD1C61267E008B4963 /* Products */ = {
			isa = PBXGroup;
			children = (
				559411AC1C61267E008B4963 /* KidTracker.app */,
				559411C01C61267E008B4963 /* KidTrackerTests.xctest */,
			);
			name = Products;
			sourceTree = "<group>";
		};
		559411AE1C61267E008B4963 /* KidTracker */ = {
			isa = PBXGroup;
			children = (
				559411AF1C61267E008B4963 /* AppDelegate.swift */,
				559411B11C61267E008B4963 /* ViewController.swift */,
				55C624A81C698D62003F6378 /* Meal.swift */,
				55C624A61C696CCB003F6378 /* RatingControl.swift */,
				559411B31C61267E008B4963 /* Main.storyboard */,
				55C624AD1C6A5C07003F6378 /* MealTableViewController.swift */,
				55C624AB1C69A79E003F6378 /* MealTableViewCell.swift */,
				559411B61C61267E008B4963 /* Assets.xcassets */,
				559411B81C61267E008B4963 /* LaunchScreen.storyboard */,
				559411BB1C61267E008B4963 /* Info.plist */,
			);
			path = KidTracker;
			sourceTree = "<group>";
		};
		559411C31C61267E008B4963 /* KidTrackerTests */ = {
			isa = PBXGroup;
			children = (
				559411C41C61267E008B4963 /* KidTrackerTests.swift */,
				559411C61C61267E008B4963 /* Info.plist */,
			);
			path = KidTrackerTests;
			sourceTree = "<group>";
		};
/* End PBXGroup section */

/* Begin PBXNativeTarget section */
		559411AB1C61267E008B4963 /* KidTracker */ = {
			isa = PBXNativeTarget;
			buildConfigurationList = 559411C91C61267E008B4963 /* Build configuration list for PBXNativeTarget "KidTracker" */;
			buildPhases = (
				559411A81C61267E008B4963 /* Sources */,
				559411A91C61267E008B4963 /* Frameworks */,
				559411AA1C61267E008B4963 /* Resources */,
			);
			buildRules = (
			);
			dependencies = (
			);
			name = KidTracker;
			productName = KidTracker;
			productReference = 559411AC1C61267E008B4963 /* KidTracker.app */;
			productType = "com.apple.product-type.application";
		};
		559411BF1C61267E008B4963 /* KidTrackerTests */ = {
			isa = PBXNativeTarget;
			buildConfigurationList = 559411CC1C61267E008B4963 /* Build configuration list for PBXNativeTarget "KidTrackerTests" */;
			buildPhases = (
				559411BC1C61267E008B4963 /* Sources */,
				559411BD1C61267E008B4963 /* Frameworks */,
				559411BE1C61267E008B4963 /* Resources */,
			);
			buildRules = (
			);
			dependencies = (
				559411C21C61267E008B4963 /* PBXTargetDependency */,
			);
			name = KidTrackerTests;
			productName = KidTrackerTests;
			productReference = 559411C01C61267E008B4963 /* KidTrackerTests.xctest */;
			productType = "com.apple.product-type.bundle.unit-test";
		};
/* End PBXNativeTarget section */

/* Begin PBXProject section */
		559411A41C61267E008B4963 /* Project object */ = {
			isa = PBXProject;
			attributes = {
				LastSwiftUpdateCheck = 0720;
				LastUpgradeCheck = 0720;
				ORGANIZATIONNAME = KTcompany;
				TargetAttributes = {
					559411AB1C61267E008B4963 = {
						CreatedOnToolsVersion = 7.2;
						DevelopmentTeam = NLEP6B5M3Z;
					};
					559411BF1C61267E008B4963 = {
						CreatedOnToolsVersion = 7.2;
						TestTargetID = 559411AB1C61267E008B4963;
					};
				};
			};
			buildConfigurationList = 559411A71C61267E008B4963 /* Build configuration list for PBXProject "KidTracker" */;
			compatibilityVersion = "Xcode 3.2";
			developmentRegion = English;
			hasScannedForEncodings = 0;
			knownRegions = (
				en,
				Base,
			);
			mainGroup = 559411A31C61267E008B4963;
			productRefGroup = 559411AD1C61267E008B4963 /* Products */;
			projectDirPath = "";
			projectRoot = "";
			targets = (
				559411AB1C61267E008B4963 /* KidTracker */,
				559411BF1C61267E008B4963 /* KidTrackerTests */,
			);
		};
/* End PBXProject section */

/* Begin PBXResourcesBuildPhase section */
		559411AA1C61267E008B4963 /* Resources */ = {
			isa = PBXResourcesBuildPhase;
			buildActionMask = 2147483647;
			files = (
				559411BA1C61267E008B4963 /* LaunchScreen.storyboard in Resources */,
				559411B71C61267E008B4963 /* Assets.xcassets in Resources */,
				559411B51C61267E008B4963 /* Main.storyboard in Resources */,
			);
			runOnlyForDeploymentPostprocessing = 0;
		};
		559411BE1C61267E008B4963 /* Resources */ = {
			isa = PBXResourcesBuildPhase;
			buildActionMask = 2147483647;
			files = (
			);
			runOnlyForDeploymentPostprocessing = 0;
		};
/* End PBXResourcesBuildPhase section */

/* Begin PBXSourcesBuildPhase section */
		559411A81C61267E008B4963 /* Sources */ = {
			isa = PBXSourcesBuildPhase;
			buildActionMask = 2147483647;
			files = (
				55C624A91C698D62003F6378 /* Meal.swift in Sources */,
				559411B21C61267E008B4963 /* ViewController.swift in Sources */,
				55C624A71C696CCB003F6378 /* RatingControl.swift in Sources */,
				559411B01C61267E008B4963 /* AppDelegate.swift in Sources */,
				55C624AE1C6A5C07003F6378 /* MealTableViewController.swift in Sources */,
				55C624AC1C69A79E003F6378 /* MealTableViewCell.swift in Sources */,
			);
			runOnlyForDeploymentPostprocessing = 0;
		};
		559411BC1C61267E008B4963 /* Sources */ = {
			isa = PBXSourcesBuildPhase;
			buildActionMask = 2147483647;
			files = (
				55C624AA1C698D62003F6378 /* Meal.swift in Sources */,
				559411C51C61267E008B4963 /* KidTrackerTests.swift in Sources */,
			);
			runOnlyForDeploymentPostprocessing = 0;
		};
/* End PBXSourcesBuildPhase section */

/* Begin PBXTargetDependency section */
		559411C21C61267E008B4963 /* PBXTargetDependency */ = {
			isa = PBXTargetDependency;
			target = 559411AB1C61267E008B4963 /* KidTracker */;
			targetProxy = 559411C11C61267E008B4963 /* PBXContainerItemProxy */;
		};
/* End PBXTargetDependency section */

/* Begin PBXVariantGroup section */
		559411B31C61267E008B4963 /* Main.storyboard */ = {
			isa = PBXVariantGroup;
			children = (
				559411B41C61267E008B4963 /* Base */,
			);
			name = Main.storyboard;
			sourceTree = "<group>";
		};
		559411B81C61267E008B4963 /* LaunchScreen.storyboard */ = {
			isa = PBXVariantGroup;
			children = (
				559411B91C61267E008B4963 /* Base */,
			);
			name = LaunchScreen.storyboard;
			sourceTree = "<group>";
		};
/* End PBXVariantGroup section */

/* Begin XCBuildConfiguration section */
		559411C71C61267E008B4963 /* Debug */ = {
			isa = XCBuildConfiguration;
			buildSettings = {
				ALWAYS_SEARCH_USER_PATHS = NO;
				CLANG_CXX_LANGUAGE_STANDARD = "gnu++0x";
				CLANG_CXX_LIBRARY = "libc++";
				CLANG_ENABLE_MODULES = YES;
				CLANG_ENABLE_OBJC_ARC = YES;
				CLANG_WARN_BOOL_CONVERSION = YES;
				CLANG_WARN_CONSTANT_CONVERSION = YES;
				CLANG_WARN_DIRECT_OBJC_ISA_USAGE = YES_ERROR;
				CLANG_WARN_EMPTY_BODY = YES;
				CLANG_WARN_ENUM_CONVERSION = YES;
				CLANG_WARN_INT_CONVERSION = YES;
				CLANG_WARN_OBJC_ROOT_CLASS = YES_ERROR;
				CLANG_WARN_UNREACHABLE_CODE = YES;
				CLANG_WARN__DUPLICATE_METHOD_MATCH = YES;
				"CODE_SIGN_IDENTITY[sdk=iphoneos*]" = "iPhone Developer";
				COPY_PHASE_STRIP = NO;
				DEBUG_INFORMATION_FORMAT = dwarf;
				ENABLE_STRICT_OBJC_MSGSEND = YES;
				ENABLE_TESTABILITY = YES;
				GCC_C_LANGUAGE_STANDARD = gnu99;
				GCC_DYNAMIC_NO_PIC = NO;
				GCC_NO_COMMON_BLOCKS = YES;
				GCC_OPTIMIZATION_LEVEL = 0;
				GCC_PREPROCESSOR_DEFINITIONS = (
					"DEBUG=1",
					"$(inherited)",
				);
				GCC_WARN_64_TO_32_BIT_CONVERSION = YES;
				GCC_WARN_ABOUT_RETURN_TYPE = YES_ERROR;
				GCC_WARN_UNDECLARED_SELECTOR = YES;
				GCC_WARN_UNINITIALIZED_AUTOS = YES_AGGRESSIVE;
				GCC_WARN_UNUSED_FUNCTION = YES;
				GCC_WARN_UNUSED_VARIABLE = YES;
				IPHONEOS_DEPLOYMENT_TARGET = 9.2;
				MTL_ENABLE_DEBUG_INFO = YES;
				ONLY_ACTIVE_ARCH = YES;
				SDKROOT = iphoneos;
				SWIFT_OPTIMIZATION_LEVEL = "-Onone";
				TARGETED_DEVICE_FAMILY = "1,2";
			};
			name = Debug;
		};
		559411C81C61267E008B4963 /* Release */ = {
			isa = XCBuildConfiguration;
			buildSettings = {
				ALWAYS_SEARCH_USER_PATHS = NO;
				CLANG_CXX_LANGUAGE_STANDARD = "gnu++0x";
				CLANG_CXX_LIBRARY = "libc++";
				CLANG_ENABLE_MODULES = YES;
				CLANG_ENABLE_OBJC_ARC = YES;
				CLANG_WARN_BOOL_CONVERSION = YES;
				CLANG_WARN_CONSTANT_CONVERSION = YES;
				CLANG_WARN_DIRECT_OBJC_ISA_USAGE = YES_ERROR;
				CLANG_WARN_EMPTY_BODY = YES;
				CLANG_WARN_ENUM_CONVERSION = YES;
				CLANG_WARN_INT_CONVERSION = YES;
				CLANG_WARN_OBJC_ROOT_CLASS = YES_ERROR;
				CLANG_WARN_UNREACHABLE_CODE = YES;
				CLANG_WARN__DUPLICATE_METHOD_MATCH = YES;
				"CODE_SIGN_IDENTITY[sdk=iphoneos*]" = "iPhone Developer";
				COPY_PHASE_STRIP = NO;
				DEBUG_INFORMATION_FORMAT = "dwarf-with-dsym";
				ENABLE_NS_ASSERTIONS = NO;
				ENABLE_STRICT_OBJC_MSGSEND = YES;
				GCC_C_LANGUAGE_STANDARD = gnu99;
				GCC_NO_COMMON_BLOCKS = YES;
				GCC_WARN_64_TO_32_BIT_CONVERSION = YES;
				GCC_WARN_ABOUT_RETURN_TYPE = YES_ERROR;
				GCC_WARN_UNDECLARED_SELECTOR = YES;
				GCC_WARN_UNINITIALIZED_AUTOS = YES_AGGRESSIVE;
				GCC_WARN_UNUSED_FUNCTION = YES;
				GCC_WARN_UNUSED_VARIABLE = YES;
				IPHONEOS_DEPLOYMENT_TARGET = 9.2;
				MTL_ENABLE_DEBUG_INFO = NO;
				SDKROOT = iphoneos;
				TARGETED_DEVICE_FAMILY = "1,2";
				VALIDATE_PRODUCT = YES;
			};
			name = Release;
		};
		559411CA1C61267E008B4963 /* Debug */ = {
			isa = XCBuildConfiguration;
			buildSettings = {
				ASSETCATALOG_COMPILER_APPICON_NAME = AppIcon;
				CODE_SIGN_IDENTITY = "iPhone Developer";
				"CODE_SIGN_IDENTITY[sdk=iphoneos*]" = "iPhone Developer";
				INFOPLIST_FILE = KidTracker/Info.plist;
				LD_RUNPATH_SEARCH_PATHS = "$(inherited) @executable_path/Frameworks";
				PRODUCT_BUNDLE_IDENTIFIER = com.example.KidTracker;
				PRODUCT_NAME = "$(TARGET_NAME)";
				PROVISIONING_PROFILE = "";
			};
			name = Debug;
		};
		559411CB1C61267E008B4963 /* Release */ = {
			isa = XCBuildConfiguration;
			buildSettings = {
				ASSETCATALOG_COMPILER_APPICON_NAME = AppIcon;
				CODE_SIGN_IDENTITY = "iPhone Developer";
				"CODE_SIGN_IDENTITY[sdk=iphoneos*]" = "iPhone Developer";
				INFOPLIST_FILE = KidTracker/Info.plist;
				LD_RUNPATH_SEARCH_PATHS = "$(inherited) @executable_path/Frameworks";
				PRODUCT_BUNDLE_IDENTIFIER = com.example.KidTracker;
				PRODUCT_NAME = "$(TARGET_NAME)";
				PROVISIONING_PROFILE = "";
			};
			name = Release;
		};
		559411CD1C61267E008B4963 /* Debug */ = {
			isa = XCBuildConfiguration;
			buildSettings = {
				BUNDLE_LOADER = "$(TEST_HOST)";
				INFOPLIST_FILE = KidTrackerTests/Info.plist;
				LD_RUNPATH_SEARCH_PATHS = "$(inherited) @executable_path/Frameworks @loader_path/Frameworks";
				PRODUCT_BUNDLE_IDENTIFIER = com.example.KidTrackerTests;
				PRODUCT_NAME = "$(TARGET_NAME)";
				TEST_HOST = "$(BUILT_PRODUCTS_DIR)/KidTracker.app/KidTracker";
			};
			name = Debug;
		};
		559411CE1C61267E008B4963 /* Release */ = {
			isa = XCBuildConfiguration;
			buildSettings = {
				BUNDLE_LOADER = "$(TEST_HOST)";
				INFOPLIST_FILE = KidTrackerTests/Info.plist;
				LD_RUNPATH_SEARCH_PATHS = "$(inherited) @executable_path/Frameworks @loader_path/Frameworks";
				PRODUCT_BUNDLE_IDENTIFIER = com.example.KidTrackerTests;
				PRODUCT_NAME = "$(TARGET_NAME)";
				TEST_HOST = "$(BUILT_PRODUCTS_DIR)/KidTracker.app/KidTracker";
			};
			name = Release;
		};
/* End XCBuildConfiguration section */

/* Begin XCConfigurationList section */
		559411A71C61267E008B4963 /* Build configuration list for PBXProject "KidTracker" */ = {
			isa = XCConfigurationList;
			buildConfigurations = (
				559411C71C61267E008B4963 /* Debug */,
				559411C81C61267E008B4963 /* Release */,
			);
			defaultConfigurationIsVisible = 0;
			defaultConfigurationName = Release;
		};
		559411C91C61267E008B4963 /* Build configuration list for PBXNativeTarget "KidTracker" */ = {
			isa = XCConfigurationList;
			buildConfigurations = (
				559411CA1C61267E008B4963 /* Debug */,
				559411CB1C61267E008B4963 /* Release */,
			);
			defaultConfigurationIsVisible = 0;
			defaultConfigurationName = Release;
		};
		559411CC1C61267E008B4963 /* Build configuration list for PBXNativeTarget "KidTrackerTests" */ = {
			isa = XCConfigurationList;
			buildConfigurations = (
				559411CD1C61267E008B4963 /* Debug */,
				559411CE1C61267E008B4963 /* Release */,
			);
			defaultConfigurationIsVisible = 0;
			defaultConfigurationName = Release;
		};
/* End XCConfigurationList section */
	};
	rootObject = 559411A41C61267E008B4963 /* Project object */;
}
